
Microsoft Visual Studio Solution File, Format Version 12.00
# Visual Studio Version 17
VisualStudioVersion = 17.7.34202.233
MinimumVisualStudioVersion = 10.0.40219.1
Project("{2150E333-8FDC-42A3-9474-1A3956D46DE8}") = "abstract", "abstract", "{7E05561F-FF26-416D-A4C3-7FD7708529C1}"
EndProject
Project("{9A19103F-16F7-4668-BE54-9A1E7A4F7556}") = "abstractV1", "abstractV1\abstractV1.csproj", "{41224E36-50D1-4C78-ADB4-1331C55C8AAB}"
EndProject
Project("{9A19103F-16F7-4668-BE54-9A1E7A4F7556}") = "abstractV2", "abstractV2\abstractV2.csproj", "{2C85E211-0B62-4313-9A2D-C1F1CD281BE3}"
EndProject
Project("{9A19103F-16F7-4668-BE54-9A1E7A4F7556}") = "abstractV3", "abstractV3\abstractV3.csproj", "{42AB4CC1-4957-4FED-87B9-7337DEA700E3}"
EndProject
Project("{9A19103F-16F7-4668-BE54-9A1E7A4F7556}") = "abstractV4", "abstractV4\abstractV4.csproj", "{CCBF0833-7E59-48F2-A09C-A8274378F28F}"
EndProject
Project("{9A19103F-16F7-4668-BE54-9A1E7A4F7556}") = "abstractV5", "abstractV5\abstractV5.csproj", "{38C8FAD3-8249-49AD-A1DC-5EB2D4DF8239}"
EndProject
Project("{9A19103F-16F7-4668-BE54-9A1E7A4F7556}") = "abstractV6", "abstractV6\abstractV6.csproj", "{7CD512FB-3922-4080-8F71-A499FCC92970}"
EndProject
Project("{2150E333-8FDC-42A3-9474-1A3956D46DE8}") = "abstractFactory", "abstractFactory", "{79EC78ED-22EA-4EFA-B7DC-620BC9B15072}"
EndProject
Project("{9A19103F-16F7-4668-BE54-9A1E7A4F7556}") = "AbstractFactory", "AbstractFactory\AbstractFactory.csproj", "{C695B14D-2D86-4DAC-82E2-198236DAF9A3}"
EndProject
Project("{2150E333-8FDC-42A3-9474-1A3956D46DE8}") = "FoodTrackingDatabaseScript", "FoodTrackingDatabaseScript", "{DF0C3644-B634-4F6F-AC94-38959557A94F}"
	ProjectSection(SolutionItems) = preProject
		FoodTracking.bak = FoodTracking.bak
		FoodTrackingDatabaseScript.txt = FoodTrackingDatabaseScript.txt
	EndProjectSection
EndProject
Project("{9A19103F-16F7-4668-BE54-9A1E7A4F7556}") = "DapperOrmFoodTrackingSample", "DapperOrmFoodTrackingSample\DapperOrmFoodTrackingSample.csproj", "{FCA5FC59-9E1A-493E-8830-BC039E3B1E64}"
EndProject
Project("{9A19103F-16F7-4668-BE54-9A1E7A4F7556}") = "DapperOrmWinTrackingFood", "DapperOrmWinTrackingFood\DapperOrmWinTrackingFood.csproj", "{43801888-2D32-496A-9652-BCFC740F77F1}"
EndProject
Project("{2150E333-8FDC-42A3-9474-1A3956D46DE8}") = "BuilderPattern", "BuilderPattern", "{E2E760C2-7178-436C-BEA1-1EC9C2159C60}"
EndProject
Project("{9A19103F-16F7-4668-BE54-9A1E7A4F7556}") = "BuilderPaternV1", "BuilderPaternV1\BuilderPaternV1.csproj", "{F9EA2C94-0577-4E43-97FD-581CD4063CED}"
EndProject
Project("{9A19103F-16F7-4668-BE54-9A1E7A4F7556}") = "BuilderPatternV2", "BuilderPatternV2\BuilderPatternV2.csproj", "{E0C09AD7-FB90-4E4B-844D-A5228FE9C3FE}"
EndProject
Project("{9A19103F-16F7-4668-BE54-9A1E7A4F7556}") = "BuilderPatternV3", "BuilderPatternV3\BuilderPatternV3.csproj", "{712DE00D-DE28-485D-A2BB-8E4BFCD2454E}"
EndProject
Project("{9A19103F-16F7-4668-BE54-9A1E7A4F7556}") = "BuilderPatternV4", "BuilderPatternV4\BuilderPatternV4.csproj", "{1DF7856D-3EF8-4C3D-A212-B21CEA58D52B}"
EndProject
Project("{2150E333-8FDC-42A3-9474-1A3956D46DE8}") = "1.Singleton", "1.Singleton", "{A20FE371-9D60-4F70-B347-CD372F911831}"
	ProjectSection(SolutionItems) = preProject
		SOLID.txt = SOLID.txt
	EndProjectSection
EndProject
Project("{9A19103F-16F7-4668-BE54-9A1E7A4F7556}") = "BuilderPatternV5", "BuilderPatternV5\BuilderPatternV5.csproj", "{C8117EC2-9690-4B62-BAE5-3093A8B8B251}"
EndProject
Project("{9A19103F-16F7-4668-BE54-9A1E7A4F7556}") = "SolidV1", "SolidV1\SolidV1.csproj", "{E7BC9C71-C601-406B-8483-B45C782139CC}"
EndProject
Project("{9A19103F-16F7-4668-BE54-9A1E7A4F7556}") = "SolidV2", "SolidV2\SolidV2.csproj", "{8E560770-0247-4FDD-850E-1FA569873B8A}"
EndProject
Project("{2150E333-8FDC-42A3-9474-1A3956D46DE8}") = "2.OpenClosed", "2.OpenClosed", "{89E0B02E-86D3-4E85-BF22-FF581EE996E5}"
EndProject
Project("{9A19103F-16F7-4668-BE54-9A1E7A4F7556}") = "OpenClosedHatalıV1", "OpenClosedV1\OpenClosedHatalıV1.csproj", "{32E4772D-ACA8-48F7-BF9A-BCA57FC6ABBA}"
EndProject
Project("{9A19103F-16F7-4668-BE54-9A1E7A4F7556}") = "OpenClosedV2", "OpenClosedV2\OpenClosedV2.csproj", "{2FA19EAF-E266-4E49-BF2F-10C3A0A8A1FC}"
EndProject
Project("{2150E333-8FDC-42A3-9474-1A3956D46DE8}") = "3.LSP", "3.LSP", "{13FFFD98-BEBF-49D0-A737-B587A099BCCC}"
EndProject
Project("{9A19103F-16F7-4668-BE54-9A1E7A4F7556}") = "LSPV1Hatali", "LSPV1\LSPV1Hatali.csproj", "{118ADC54-549C-46FF-BB2B-0219A658AE32}"
EndProject
Project("{9A19103F-16F7-4668-BE54-9A1E7A4F7556}") = "LSPV2", "LSPV2\LSPV2.csproj", "{2770FDFA-A347-4148-8810-FE201389B65B}"
EndProject
Project("{2150E333-8FDC-42A3-9474-1A3956D46DE8}") = "4.InterfaceSegregation", "4.InterfaceSegregation", "{40EFF400-1BA2-4486-9665-827438A1A446}"
	ProjectSection(SolutionItems) = preProject
		C:\Users\engin efe\Desktop\Arayüz-Ayrım-PrensibiInterface-Segregation-Principle-ISP-1.jpg = C:\Users\engin efe\Desktop\Arayüz-Ayrım-PrensibiInterface-Segregation-Principle-ISP-1.jpg
		C:\Users\engin efe\Desktop\Arayüz-Ayrım-PrensibiInterface-Segregation-Principle-ISP-2.jpg = C:\Users\engin efe\Desktop\Arayüz-Ayrım-PrensibiInterface-Segregation-Principle-ISP-2.jpg
	EndProjectSection
EndProject
Project("{9A19103F-16F7-4668-BE54-9A1E7A4F7556}") = "LSV1Hatali", "LSV1Hatali\LSV1Hatali.csproj", "{7B77D175-3B27-4437-AE94-1C5FBFE30E1F}"
EndProject
Project("{9A19103F-16F7-4668-BE54-9A1E7A4F7556}") = "ISPV2", "ISPV2\ISPV2.csproj", "{ED12B038-FCE7-4C08-977C-FDAB1D296637}"
EndProject
Project("{9A19103F-16F7-4668-BE54-9A1E7A4F7556}") = "DependencyInversion", "5.DependencyInversion\DependencyInversion.csproj", "{E746DB9E-C904-4990-8DD7-1B3C5F1F6EE6}"
EndProject
Project("{2150E333-8FDC-42A3-9474-1A3956D46DE8}") = "5.DependecyInversion", "5.DependecyInversion", "{DF6B83FB-5E9F-46BD-BA5D-DA87BE8FB79C}"
EndProject
Project("{2150E333-8FDC-42A3-9474-1A3956D46DE8}") = "6.InversionOfControl", "6.InversionOfControl", "{989E6E9B-D9AB-4602-BEFA-A0C3881D76F3}"
EndProject
Project("{9A19103F-16F7-4668-BE54-9A1E7A4F7556}") = "IoC", "IoC\IoC.csproj", "{8F9572B9-172A-4AAB-9498-E304062F844C}"
EndProject
Project("{2150E333-8FDC-42A3-9474-1A3956D46DE8}") = "Document", "Document", "{A84DB9BF-EB1B-4999-B757-A3FBC8E9E121}"
	ProjectSection(SolutionItems) = preProject
		C:\Users\engin efe\Downloads\DesignPatternsInUseEbook.pdf = C:\Users\engin efe\Downloads\DesignPatternsInUseEbook.pdf
	EndProjectSection
EndProject
Project("{2150E333-8FDC-42A3-9474-1A3956D46DE8}") = "FoodTrackingTest.Portal", "FoodTrackingTest.Portal", "{E1AA757D-9275-4877-BC90-99811B26F58D}"
EndProject
Project("{9A19103F-16F7-4668-BE54-9A1E7A4F7556}") = "Food.Tracking.Test.Portal", "Food.Tracking.Test.Portal\Food.Tracking.Test.Portal.csproj", "{6EA0C11E-99BE-4F28-A07C-84D5D19C125C}"
EndProject
Project("{9A19103F-16F7-4668-BE54-9A1E7A4F7556}") = "Food.Tracking.DataAccess", "Food.Tracking.DataAccess\Food.Tracking.DataAccess.csproj", "{4D87C872-545A-4563-8B44-AAA5AF8B1402}"
EndProject
Project("{9A19103F-16F7-4668-BE54-9A1E7A4F7556}") = "Food.Tracking.Entities", "Food.Tracking.Entities\Food.Tracking.Entities.csproj", "{59116DA5-6B15-4F22-A864-0AA2C0F25E1A}"
EndProject
Project("{9A19103F-16F7-4668-BE54-9A1E7A4F7556}") = "Food.Tracking.Model", "Food.Tracking.Model\Food.Tracking.Model.csproj", "{37D63093-5CA7-470E-8457-F8D9E3784068}"
EndProject
Project("{9A19103F-16F7-4668-BE54-9A1E7A4F7556}") = "Food.Tracking.Context", "Food.Tracking.Context\Food.Tracking.Context.csproj", "{BC5CCF08-345F-4C51-8246-7749CCAACCB0}"
EndProject
Project("{9A19103F-16F7-4668-BE54-9A1E7A4F7556}") = "Food.Tracking.BusinessLogic", "Food.Tracking.BusinessLogic\Food.Tracking.BusinessLogic.csproj", "{59C9AEE4-31DA-449A-BB8E-7D10F4992131}"
EndProject
Project("{2150E333-8FDC-42A3-9474-1A3956D46DE8}") = "GenericTypes", "GenericTypes", "{01E1367F-F3DD-4D04-9DEA-1F756DAAB2F7}"
	ProjectSection(SolutionItems) = preProject
		GenericTypesNotes.txt = GenericTypesNotes.txt
	EndProjectSection
EndProject
Project("{FAE04EC0-301F-11D3-BF4B-00C04F79EFBC}") = "GenericTypesSample", "GenericTypesSample\GenericTypesSample.csproj", "{17240EF9-E350-4607-B976-0F3634A1638A}"
EndProject
Global
	GlobalSection(SolutionConfigurationPlatforms) = preSolution
		Debug|Any CPU = Debug|Any CPU
		Release|Any CPU = Release|Any CPU
	EndGlobalSection
	GlobalSection(ProjectConfigurationPlatforms) = postSolution
		{41224E36-50D1-4C78-ADB4-1331C55C8AAB}.Debug|Any CPU.ActiveCfg = Debug|Any CPU
		{41224E36-50D1-4C78-ADB4-1331C55C8AAB}.Debug|Any CPU.Build.0 = Debug|Any CPU
		{41224E36-50D1-4C78-ADB4-1331C55C8AAB}.Release|Any CPU.ActiveCfg = Release|Any CPU
		{41224E36-50D1-4C78-ADB4-1331C55C8AAB}.Release|Any CPU.Build.0 = Release|Any CPU
		{2C85E211-0B62-4313-9A2D-C1F1CD281BE3}.Debug|Any CPU.ActiveCfg = Debug|Any CPU
		{2C85E211-0B62-4313-9A2D-C1F1CD281BE3}.Debug|Any CPU.Build.0 = Debug|Any CPU
		{2C85E211-0B62-4313-9A2D-C1F1CD281BE3}.Release|Any CPU.ActiveCfg = Release|Any CPU
		{2C85E211-0B62-4313-9A2D-C1F1CD281BE3}.Release|Any CPU.Build.0 = Release|Any CPU
		{42AB4CC1-4957-4FED-87B9-7337DEA700E3}.Debug|Any CPU.ActiveCfg = Debug|Any CPU
		{42AB4CC1-4957-4FED-87B9-7337DEA700E3}.Debug|Any CPU.Build.0 = Debug|Any CPU
		{42AB4CC1-4957-4FED-87B9-7337DEA700E3}.Release|Any CPU.ActiveCfg = Release|Any CPU
		{42AB4CC1-4957-4FED-87B9-7337DEA700E3}.Release|Any CPU.Build.0 = Release|Any CPU
		{CCBF0833-7E59-48F2-A09C-A8274378F28F}.Debug|Any CPU.ActiveCfg = Debug|Any CPU
		{CCBF0833-7E59-48F2-A09C-A8274378F28F}.Debug|Any CPU.Build.0 = Debug|Any CPU
		{CCBF0833-7E59-48F2-A09C-A8274378F28F}.Release|Any CPU.ActiveCfg = Release|Any CPU
		{CCBF0833-7E59-48F2-A09C-A8274378F28F}.Release|Any CPU.Build.0 = Release|Any CPU
		{38C8FAD3-8249-49AD-A1DC-5EB2D4DF8239}.Debug|Any CPU.ActiveCfg = Debug|Any CPU
		{38C8FAD3-8249-49AD-A1DC-5EB2D4DF8239}.Debug|Any CPU.Build.0 = Debug|Any CPU
		{38C8FAD3-8249-49AD-A1DC-5EB2D4DF8239}.Release|Any CPU.ActiveCfg = Release|Any CPU
		{38C8FAD3-8249-49AD-A1DC-5EB2D4DF8239}.Release|Any CPU.Build.0 = Release|Any CPU
		{7CD512FB-3922-4080-8F71-A499FCC92970}.Debug|Any CPU.ActiveCfg = Debug|Any CPU
		{7CD512FB-3922-4080-8F71-A499FCC92970}.Debug|Any CPU.Build.0 = Debug|Any CPU
		{7CD512FB-3922-4080-8F71-A499FCC92970}.Release|Any CPU.ActiveCfg = Release|Any CPU
		{7CD512FB-3922-4080-8F71-A499FCC92970}.Release|Any CPU.Build.0 = Release|Any CPU
		{C695B14D-2D86-4DAC-82E2-198236DAF9A3}.Debug|Any CPU.ActiveCfg = Debug|Any CPU
		{C695B14D-2D86-4DAC-82E2-198236DAF9A3}.Debug|Any CPU.Build.0 = Debug|Any CPU
		{C695B14D-2D86-4DAC-82E2-198236DAF9A3}.Release|Any CPU.ActiveCfg = Release|Any CPU
		{C695B14D-2D86-4DAC-82E2-198236DAF9A3}.Release|Any CPU.Build.0 = Release|Any CPU
		{FCA5FC59-9E1A-493E-8830-BC039E3B1E64}.Debug|Any CPU.ActiveCfg = Debug|Any CPU
		{FCA5FC59-9E1A-493E-8830-BC039E3B1E64}.Debug|Any CPU.Build.0 = Debug|Any CPU
		{FCA5FC59-9E1A-493E-8830-BC039E3B1E64}.Release|Any CPU.ActiveCfg = Release|Any CPU
		{FCA5FC59-9E1A-493E-8830-BC039E3B1E64}.Release|Any CPU.Build.0 = Release|Any CPU
		{43801888-2D32-496A-9652-BCFC740F77F1}.Debug|Any CPU.ActiveCfg = Debug|Any CPU
		{43801888-2D32-496A-9652-BCFC740F77F1}.Debug|Any CPU.Build.0 = Debug|Any CPU
		{43801888-2D32-496A-9652-BCFC740F77F1}.Release|Any CPU.ActiveCfg = Release|Any CPU
		{43801888-2D32-496A-9652-BCFC740F77F1}.Release|Any CPU.Build.0 = Release|Any CPU
		{F9EA2C94-0577-4E43-97FD-581CD4063CED}.Debug|Any CPU.ActiveCfg = Debug|Any CPU
		{F9EA2C94-0577-4E43-97FD-581CD4063CED}.Debug|Any CPU.Build.0 = Debug|Any CPU
		{F9EA2C94-0577-4E43-97FD-581CD4063CED}.Release|Any CPU.ActiveCfg = Release|Any CPU
		{F9EA2C94-0577-4E43-97FD-581CD4063CED}.Release|Any CPU.Build.0 = Release|Any CPU
		{E0C09AD7-FB90-4E4B-844D-A5228FE9C3FE}.Debug|Any CPU.ActiveCfg = Debug|Any CPU
		{E0C09AD7-FB90-4E4B-844D-A5228FE9C3FE}.Debug|Any CPU.Build.0 = Debug|Any CPU
		{E0C09AD7-FB90-4E4B-844D-A5228FE9C3FE}.Release|Any CPU.ActiveCfg = Release|Any CPU
		{E0C09AD7-FB90-4E4B-844D-A5228FE9C3FE}.Release|Any CPU.Build.0 = Release|Any CPU
		{712DE00D-DE28-485D-A2BB-8E4BFCD2454E}.Debug|Any CPU.ActiveCfg = Debug|Any CPU
		{712DE00D-DE28-485D-A2BB-8E4BFCD2454E}.Debug|Any CPU.Build.0 = Debug|Any CPU
		{712DE00D-DE28-485D-A2BB-8E4BFCD2454E}.Release|Any CPU.ActiveCfg = Release|Any CPU
		{712DE00D-DE28-485D-A2BB-8E4BFCD2454E}.Release|Any CPU.Build.0 = Release|Any CPU
		{1DF7856D-3EF8-4C3D-A212-B21CEA58D52B}.Debug|Any CPU.ActiveCfg = Debug|Any CPU
		{1DF7856D-3EF8-4C3D-A212-B21CEA58D52B}.Debug|Any CPU.Build.0 = Debug|Any CPU
		{1DF7856D-3EF8-4C3D-A212-B21CEA58D52B}.Release|Any CPU.ActiveCfg = Release|Any CPU
		{1DF7856D-3EF8-4C3D-A212-B21CEA58D52B}.Release|Any CPU.Build.0 = Release|Any CPU
		{C8117EC2-9690-4B62-BAE5-3093A8B8B251}.Debug|Any CPU.ActiveCfg = Debug|Any CPU
		{C8117EC2-9690-4B62-BAE5-3093A8B8B251}.Debug|Any CPU.Build.0 = Debug|Any CPU
		{C8117EC2-9690-4B62-BAE5-3093A8B8B251}.Release|Any CPU.ActiveCfg = Release|Any CPU
		{C8117EC2-9690-4B62-BAE5-3093A8B8B251}.Release|Any CPU.Build.0 = Release|Any CPU
		{E7BC9C71-C601-406B-8483-B45C782139CC}.Debug|Any CPU.ActiveCfg = Debug|Any CPU
		{E7BC9C71-C601-406B-8483-B45C782139CC}.Debug|Any CPU.Build.0 = Debug|Any CPU
		{E7BC9C71-C601-406B-8483-B45C782139CC}.Release|Any CPU.ActiveCfg = Release|Any CPU
		{E7BC9C71-C601-406B-8483-B45C782139CC}.Release|Any CPU.Build.0 = Release|Any CPU
		{8E560770-0247-4FDD-850E-1FA569873B8A}.Debug|Any CPU.ActiveCfg = Debug|Any CPU
		{8E560770-0247-4FDD-850E-1FA569873B8A}.Debug|Any CPU.Build.0 = Debug|Any CPU
		{8E560770-0247-4FDD-850E-1FA569873B8A}.Release|Any CPU.ActiveCfg = Release|Any CPU
		{8E560770-0247-4FDD-850E-1FA569873B8A}.Release|Any CPU.Build.0 = Release|Any CPU
		{32E4772D-ACA8-48F7-BF9A-BCA57FC6ABBA}.Debug|Any CPU.ActiveCfg = Debug|Any CPU
		{32E4772D-ACA8-48F7-BF9A-BCA57FC6ABBA}.Debug|Any CPU.Build.0 = Debug|Any CPU
		{32E4772D-ACA8-48F7-BF9A-BCA57FC6ABBA}.Release|Any CPU.ActiveCfg = Release|Any CPU
		{32E4772D-ACA8-48F7-BF9A-BCA57FC6ABBA}.Release|Any CPU.Build.0 = Release|Any CPU
		{2FA19EAF-E266-4E49-BF2F-10C3A0A8A1FC}.Debug|Any CPU.ActiveCfg = Debug|Any CPU
		{2FA19EAF-E266-4E49-BF2F-10C3A0A8A1FC}.Debug|Any CPU.Build.0 = Debug|Any CPU
		{2FA19EAF-E266-4E49-BF2F-10C3A0A8A1FC}.Release|Any CPU.ActiveCfg = Release|Any CPU
		{2FA19EAF-E266-4E49-BF2F-10C3A0A8A1FC}.Release|Any CPU.Build.0 = Release|Any CPU
		{118ADC54-549C-46FF-BB2B-0219A658AE32}.Debug|Any CPU.ActiveCfg = Debug|Any CPU
		{118ADC54-549C-46FF-BB2B-0219A658AE32}.Debug|Any CPU.Build.0 = Debug|Any CPU
		{118ADC54-549C-46FF-BB2B-0219A658AE32}.Release|Any CPU.ActiveCfg = Release|Any CPU
		{118ADC54-549C-46FF-BB2B-0219A658AE32}.Release|Any CPU.Build.0 = Release|Any CPU
		{2770FDFA-A347-4148-8810-FE201389B65B}.Debug|Any CPU.ActiveCfg = Debug|Any CPU
		{2770FDFA-A347-4148-8810-FE201389B65B}.Debug|Any CPU.Build.0 = Debug|Any CPU
		{2770FDFA-A347-4148-8810-FE201389B65B}.Release|Any CPU.ActiveCfg = Release|Any CPU
		{2770FDFA-A347-4148-8810-FE201389B65B}.Release|Any CPU.Build.0 = Release|Any CPU
		{7B77D175-3B27-4437-AE94-1C5FBFE30E1F}.Debug|Any CPU.ActiveCfg = Debug|Any CPU
		{7B77D175-3B27-4437-AE94-1C5FBFE30E1F}.Debug|Any CPU.Build.0 = Debug|Any CPU
		{7B77D175-3B27-4437-AE94-1C5FBFE30E1F}.Release|Any CPU.ActiveCfg = Release|Any CPU
		{7B77D175-3B27-4437-AE94-1C5FBFE30E1F}.Release|Any CPU.Build.0 = Release|Any CPU
		{ED12B038-FCE7-4C08-977C-FDAB1D296637}.Debug|Any CPU.ActiveCfg = Debug|Any CPU
		{ED12B038-FCE7-4C08-977C-FDAB1D296637}.Debug|Any CPU.Build.0 = Debug|Any CPU
		{ED12B038-FCE7-4C08-977C-FDAB1D296637}.Release|Any CPU.ActiveCfg = Release|Any CPU
		{ED12B038-FCE7-4C08-977C-FDAB1D296637}.Release|Any CPU.Build.0 = Release|Any CPU
		{E746DB9E-C904-4990-8DD7-1B3C5F1F6EE6}.Debug|Any CPU.ActiveCfg = Debug|Any CPU
		{E746DB9E-C904-4990-8DD7-1B3C5F1F6EE6}.Debug|Any CPU.Build.0 = Debug|Any CPU
		{E746DB9E-C904-4990-8DD7-1B3C5F1F6EE6}.Release|Any CPU.ActiveCfg = Release|Any CPU
		{E746DB9E-C904-4990-8DD7-1B3C5F1F6EE6}.Release|Any CPU.Build.0 = Release|Any CPU
		{8F9572B9-172A-4AAB-9498-E304062F844C}.Debug|Any CPU.ActiveCfg = Debug|Any CPU
		{8F9572B9-172A-4AAB-9498-E304062F844C}.Debug|Any CPU.Build.0 = Debug|Any CPU
		{8F9572B9-172A-4AAB-9498-E304062F844C}.Release|Any CPU.ActiveCfg = Release|Any CPU
		{8F9572B9-172A-4AAB-9498-E304062F844C}.Release|Any CPU.Build.0 = Release|Any CPU
		{6EA0C11E-99BE-4F28-A07C-84D5D19C125C}.Debug|Any CPU.ActiveCfg = Debug|Any CPU
		{6EA0C11E-99BE-4F28-A07C-84D5D19C125C}.Debug|Any CPU.Build.0 = Debug|Any CPU
		{6EA0C11E-99BE-4F28-A07C-84D5D19C125C}.Release|Any CPU.ActiveCfg = Release|Any CPU
		{6EA0C11E-99BE-4F28-A07C-84D5D19C125C}.Release|Any CPU.Build.0 = Release|Any CPU
		{4D87C872-545A-4563-8B44-AAA5AF8B1402}.Debug|Any CPU.ActiveCfg = Debug|Any CPU
		{4D87C872-545A-4563-8B44-AAA5AF8B1402}.Debug|Any CPU.Build.0 = Debug|Any CPU
		{4D87C872-545A-4563-8B44-AAA5AF8B1402}.Release|Any CPU.ActiveCfg = Release|Any CPU
		{4D87C872-545A-4563-8B44-AAA5AF8B1402}.Release|Any CPU.Build.0 = Release|Any CPU
		{59116DA5-6B15-4F22-A864-0AA2C0F25E1A}.Debug|Any CPU.ActiveCfg = Debug|Any CPU
		{59116DA5-6B15-4F22-A864-0AA2C0F25E1A}.Debug|Any CPU.Build.0 = Debug|Any CPU
		{59116DA5-6B15-4F22-A864-0AA2C0F25E1A}.Release|Any CPU.ActiveCfg = Release|Any CPU
		{59116DA5-6B15-4F22-A864-0AA2C0F25E1A}.Release|Any CPU.Build.0 = Release|Any CPU
		{37D63093-5CA7-470E-8457-F8D9E3784068}.Debug|Any CPU.ActiveCfg = Debug|Any CPU
		{37D63093-5CA7-470E-8457-F8D9E3784068}.Debug|Any CPU.Build.0 = Debug|Any CPU
		{37D63093-5CA7-470E-8457-F8D9E3784068}.Release|Any CPU.ActiveCfg = Release|Any CPU
		{37D63093-5CA7-470E-8457-F8D9E3784068}.Release|Any CPU.Build.0 = Release|Any CPU
		{BC5CCF08-345F-4C51-8246-7749CCAACCB0}.Debug|Any CPU.ActiveCfg = Debug|Any CPU
		{BC5CCF08-345F-4C51-8246-7749CCAACCB0}.Debug|Any CPU.Build.0 = Debug|Any CPU
		{BC5CCF08-345F-4C51-8246-7749CCAACCB0}.Release|Any CPU.ActiveCfg = Release|Any CPU
		{BC5CCF08-345F-4C51-8246-7749CCAACCB0}.Release|Any CPU.Build.0 = Release|Any CPU
		{59C9AEE4-31DA-449A-BB8E-7D10F4992131}.Debug|Any CPU.ActiveCfg = Debug|Any CPU
		{59C9AEE4-31DA-449A-BB8E-7D10F4992131}.Debug|Any CPU.Build.0 = Debug|Any CPU
		{59C9AEE4-31DA-449A-BB8E-7D10F4992131}.Release|Any CPU.ActiveCfg = Release|Any CPU
		{59C9AEE4-31DA-449A-BB8E-7D10F4992131}.Release|Any CPU.Build.0 = Release|Any CPU
		{17240EF9-E350-4607-B976-0F3634A1638A}.Debug|Any CPU.ActiveCfg = Debug|Any CPU
		{17240EF9-E350-4607-B976-0F3634A1638A}.Debug|Any CPU.Build.0 = Debug|Any CPU
		{17240EF9-E350-4607-B976-0F3634A1638A}.Release|Any CPU.ActiveCfg = Release|Any CPU
		{17240EF9-E350-4607-B976-0F3634A1638A}.Release|Any CPU.Build.0 = Release|Any CPU
	EndGlobalSection
	GlobalSection(SolutionProperties) = preSolution
		HideSolutionNode = FALSE
	EndGlobalSection
	GlobalSection(NestedProjects) = preSolution
		{41224E36-50D1-4C78-ADB4-1331C55C8AAB} = {7E05561F-FF26-416D-A4C3-7FD7708529C1}
		{2C85E211-0B62-4313-9A2D-C1F1CD281BE3} = {7E05561F-FF26-416D-A4C3-7FD7708529C1}
		{42AB4CC1-4957-4FED-87B9-7337DEA700E3} = {7E05561F-FF26-416D-A4C3-7FD7708529C1}
		{CCBF0833-7E59-48F2-A09C-A8274378F28F} = {7E05561F-FF26-416D-A4C3-7FD7708529C1}
		{38C8FAD3-8249-49AD-A1DC-5EB2D4DF8239} = {7E05561F-FF26-416D-A4C3-7FD7708529C1}
		{7CD512FB-3922-4080-8F71-A499FCC92970} = {7E05561F-FF26-416D-A4C3-7FD7708529C1}
		{C695B14D-2D86-4DAC-82E2-198236DAF9A3} = {79EC78ED-22EA-4EFA-B7DC-620BC9B15072}
		{F9EA2C94-0577-4E43-97FD-581CD4063CED} = {E2E760C2-7178-436C-BEA1-1EC9C2159C60}
		{E0C09AD7-FB90-4E4B-844D-A5228FE9C3FE} = {E2E760C2-7178-436C-BEA1-1EC9C2159C60}
		{712DE00D-DE28-485D-A2BB-8E4BFCD2454E} = {E2E760C2-7178-436C-BEA1-1EC9C2159C60}
		{1DF7856D-3EF8-4C3D-A212-B21CEA58D52B} = {E2E760C2-7178-436C-BEA1-1EC9C2159C60}
		{C8117EC2-9690-4B62-BAE5-3093A8B8B251} = {E2E760C2-7178-436C-BEA1-1EC9C2159C60}
		{E7BC9C71-C601-406B-8483-B45C782139CC} = {A20FE371-9D60-4F70-B347-CD372F911831}
		{8E560770-0247-4FDD-850E-1FA569873B8A} = {A20FE371-9D60-4F70-B347-CD372F911831}
		{32E4772D-ACA8-48F7-BF9A-BCA57FC6ABBA} = {89E0B02E-86D3-4E85-BF22-FF581EE996E5}
		{2FA19EAF-E266-4E49-BF2F-10C3A0A8A1FC} = {89E0B02E-86D3-4E85-BF22-FF581EE996E5}
		{118ADC54-549C-46FF-BB2B-0219A658AE32} = {13FFFD98-BEBF-49D0-A737-B587A099BCCC}
		{2770FDFA-A347-4148-8810-FE201389B65B} = {13FFFD98-BEBF-49D0-A737-B587A099BCCC}
		{7B77D175-3B27-4437-AE94-1C5FBFE30E1F} = {40EFF400-1BA2-4486-9665-827438A1A446}
		{ED12B038-FCE7-4C08-977C-FDAB1D296637} = {40EFF400-1BA2-4486-9665-827438A1A446}
		{E746DB9E-C904-4990-8DD7-1B3C5F1F6EE6} = {DF6B83FB-5E9F-46BD-BA5D-DA87BE8FB79C}
		{8F9572B9-172A-4AAB-9498-E304062F844C} = {989E6E9B-D9AB-4602-BEFA-A0C3881D76F3}
		{6EA0C11E-99BE-4F28-A07C-84D5D19C125C} = {E1AA757D-9275-4877-BC90-99811B26F58D}
		{4D87C872-545A-4563-8B44-AAA5AF8B1402} = {E1AA757D-9275-4877-BC90-99811B26F58D}
		{59116DA5-6B15-4F22-A864-0AA2C0F25E1A} = {E1AA757D-9275-4877-BC90-99811B26F58D}
		{37D63093-5CA7-470E-8457-F8D9E3784068} = {E1AA757D-9275-4877-BC90-99811B26F58D}
		{BC5CCF08-345F-4C51-8246-7749CCAACCB0} = {E1AA757D-9275-4877-BC90-99811B26F58D}
		{59C9AEE4-31DA-449A-BB8E-7D10F4992131} = {E1AA757D-9275-4877-BC90-99811B26F58D}
		{17240EF9-E350-4607-B976-0F3634A1638A} = {01E1367F-F3DD-4D04-9DEA-1F756DAAB2F7}
	EndGlobalSection
	GlobalSection(ExtensibilityGlobals) = postSolution
		SolutionGuid = {C925C8A7-E66E-4426-B880-96796D6FA6ED}
	EndGlobalSection
EndGlobal
